
Microsoft Visual Studio Solution File, Format Version 12.00
# Visual Studio Version 17
VisualStudioVersion = 17.0.31903.59
MinimumVisualStudioVersion = 10.0.40219.1
Project("{2150E333-8FDC-42A3-9474-1A3956D46DE8}") = "src", "src", "{827E0CD3-B72D-47B6-A68D-7590B98EB39B}"
EndProject
Project("{2150E333-8FDC-42A3-9474-1A3956D46DE8}") = "Core", "Core", "{8D626EA8-CB54-BC41-363A-217881BEBA6E}"
EndProject
Project("{FAE04EC0-301F-11D3-BF4B-00C04F79EFBC}") = "OperateCrypto.DIDComm.Core", "src\Core\OperateCrypto.DIDComm.Core\OperateCrypto.DIDComm.Core.csproj", "{45275E2B-B960-4F8D-860F-CC1855544FEC}"
EndProject
Project("{FAE04EC0-301F-11D3-BF4B-00C04F79EFBC}") = "OperateCrypto.DIDComm.Resolver", "src\Core\OperateCrypto.DIDComm.Resolver\OperateCrypto.DIDComm.Resolver.csproj", "{710639F3-05A3-4E52-B922-C32DD877F3C8}"
EndProject
Project("{FAE04EC0-301F-11D3-BF4B-00C04F79EFBC}") = "OperateCrypto.DIDComm.Crypto", "src\Core\OperateCrypto.DIDComm.Crypto\OperateCrypto.DIDComm.Crypto.csproj", "{487DC958-3318-48E1-9566-D600BC4C85D9}"
EndProject
Project("{2150E333-8FDC-42A3-9474-1A3956D46DE8}") = "Infrastructure", "Infrastructure", "{9048EB7F-3875-A59E-E36B-5BD4C6F2A282}"
EndProject
Project("{FAE04EC0-301F-11D3-BF4B-00C04F79EFBC}") = "OperateCrypto.DIDComm.Data", "src\Infrastructure\OperateCrypto.DIDComm.Data\OperateCrypto.DIDComm.Data.csproj", "{10E3F93C-443F-404D-8C59-BBD0CE38882D}"
EndProject
Project("{FAE04EC0-301F-11D3-BF4B-00C04F79EFBC}") = "OperateCrypto.DIDComm.Handlers", "src\Infrastructure\OperateCrypto.DIDComm.Handlers\OperateCrypto.DIDComm.Handlers.csproj", "{7DB161D9-0463-44D9-BAE8-5A390EFC00D9}"
EndProject
Project("{2150E333-8FDC-42A3-9474-1A3956D46DE8}") = "API", "API", "{81034408-37C8-1011-444E-4C15C2FADA8E}"
EndProject
Project("{FAE04EC0-301F-11D3-BF4B-00C04F79EFBC}") = "OperateCrypto.DIDComm.Api", "src\API\OperateCrypto.DIDComm.Api\OperateCrypto.DIDComm.Api.csproj", "{5F2D9102-6DB5-4A62-B726-2A218F24EF7B}"
EndProject
Project("{2150E333-8FDC-42A3-9474-1A3956D46DE8}") = "SDK", "SDK", "{51B637F8-9C04-5803-F48E-8CB9352021B0}"
EndProject
Project("{2150E333-8FDC-42A3-9474-1A3956D46DE8}") = "CSharp", "CSharp", "{F2049D75-1F31-22C8-F997-8F15D28C03D4}"
EndProject
Project("{FAE04EC0-301F-11D3-BF4B-00C04F79EFBC}") = "OperateCrypto.DIDComm.SDK", "src\SDK\CSharp\OperateCrypto.DIDComm.SDK\OperateCrypto.DIDComm.SDK.csproj", "{A176A7EC-AA5B-4229-B4B1-CA90605AB1C9}"
EndProject
Global
	GlobalSection(SolutionConfigurationPlatforms) = preSolution
		Debug|Any CPU = Debug|Any CPU
		Debug|x64 = Debug|x64
		Debug|x86 = Debug|x86
		Release|Any CPU = Release|Any CPU
		Release|x64 = Release|x64
		Release|x86 = Release|x86
	EndGlobalSection
	GlobalSection(ProjectConfigurationPlatforms) = postSolution
		{45275E2B-B960-4F8D-860F-CC1855544FEC}.Debug|Any CPU.ActiveCfg = Debug|Any CPU
		{45275E2B-B960-4F8D-860F-CC1855544FEC}.Debug|Any CPU.Build.0 = Debug|Any CPU
		{45275E2B-B960-4F8D-860F-CC1855544FEC}.Debug|x64.ActiveCfg = Debug|Any CPU
		{45275E2B-B960-4F8D-860F-CC1855544FEC}.Debug|x64.Build.0 = Debug|Any CPU
		{45275E2B-B960-4F8D-860F-CC1855544FEC}.Debug|x86.ActiveCfg = Debug|Any CPU
		{45275E2B-B960-4F8D-860F-CC1855544FEC}.Debug|x86.Build.0 = Debug|Any CPU
		{45275E2B-B960-4F8D-860F-CC1855544FEC}.Release|Any CPU.ActiveCfg = Release|Any CPU
		{45275E2B-B960-4F8D-860F-CC1855544FEC}.Release|Any CPU.Build.0 = Release|Any CPU
		{45275E2B-B960-4F8D-860F-CC1855544FEC}.Release|x64.ActiveCfg = Release|Any CPU
		{45275E2B-B960-4F8D-860F-CC1855544FEC}.Release|x64.Build.0 = Release|Any CPU
		{45275E2B-B960-4F8D-860F-CC1855544FEC}.Release|x86.ActiveCfg = Release|Any CPU
		{45275E2B-B960-4F8D-860F-CC1855544FEC}.Release|x86.Build.0 = Release|Any CPU
		{710639F3-05A3-4E52-B922-C32DD877F3C8}.Debug|Any CPU.ActiveCfg = Debug|Any CPU
		{710639F3-05A3-4E52-B922-C32DD877F3C8}.Debug|Any CPU.Build.0 = Debug|Any CPU
		{710639F3-05A3-4E52-B922-C32DD877F3C8}.Debug|x64.ActiveCfg = Debug|Any CPU
		{710639F3-05A3-4E52-B922-C32DD877F3C8}.Debug|x64.Build.0 = Debug|Any CPU
		{710639F3-05A3-4E52-B922-C32DD877F3C8}.Debug|x86.ActiveCfg = Debug|Any CPU
		{710639F3-05A3-4E52-B922-C32DD877F3C8}.Debug|x86.Build.0 = Debug|Any CPU
		{710639F3-05A3-4E52-B922-C32DD877F3C8}.Release|Any CPU.ActiveCfg = Release|Any CPU
		{710639F3-05A3-4E52-B922-C32DD877F3C8}.Release|Any CPU.Build.0 = Release|Any CPU
		{710639F3-05A3-4E52-B922-C32DD877F3C8}.Release|x64.ActiveCfg = Release|Any CPU
		{710639F3-05A3-4E52-B922-C32DD877F3C8}.Release|x64.Build.0 = Release|Any CPU
		{710639F3-05A3-4E52-B922-C32DD877F3C8}.Release|x86.ActiveCfg = Release|Any CPU
		{710639F3-05A3-4E52-B922-C32DD877F3C8}.Release|x86.Build.0 = Release|Any CPU
		{487DC958-3318-48E1-9566-D600BC4C85D9}.Debug|Any CPU.ActiveCfg = Debug|Any CPU
		{487DC958-3318-48E1-9566-D600BC4C85D9}.Debug|Any CPU.Build.0 = Debug|Any CPU
		{487DC958-3318-48E1-9566-D600BC4C85D9}.Debug|x64.ActiveCfg = Debug|Any CPU
		{487DC958-3318-48E1-9566-D600BC4C85D9}.Debug|x64.Build.0 = Debug|Any CPU
		{487DC958-3318-48E1-9566-D600BC4C85D9}.Debug|x86.ActiveCfg = Debug|Any CPU
		{487DC958-3318-48E1-9566-D600BC4C85D9}.Debug|x86.Build.0 = Debug|Any CPU
		{487DC958-3318-48E1-9566-D600BC4C85D9}.Release|Any CPU.ActiveCfg = Release|Any CPU
		{487DC958-3318-48E1-9566-D600BC4C85D9}.Release|Any CPU.Build.0 = Release|Any CPU
		{487DC958-3318-48E1-9566-D600BC4C85D9}.Release|x64.ActiveCfg = Release|Any CPU
		{487DC958-3318-48E1-9566-D600BC4C85D9}.Release|x64.Build.0 = Release|Any CPU
		{487DC958-3318-48E1-9566-D600BC4C85D9}.Release|x86.ActiveCfg = Release|Any CPU
		{487DC958-3318-48E1-9566-D600BC4C85D9}.Release|x86.Build.0 = Release|Any CPU
		{10E3F93C-443F-404D-8C59-BBD0CE38882D}.Debug|Any CPU.ActiveCfg = Debug|Any CPU
		{10E3F93C-443F-404D-8C59-BBD0CE38882D}.Debug|Any CPU.Build.0 = Debug|Any CPU
		{10E3F93C-443F-404D-8C59-BBD0CE38882D}.Debug|x64.ActiveCfg = Debug|Any CPU
		{10E3F93C-443F-404D-8C59-BBD0CE38882D}.Debug|x64.Build.0 = Debug|Any CPU
		{10E3F93C-443F-404D-8C59-BBD0CE38882D}.Debug|x86.ActiveCfg = Debug|Any CPU
		{10E3F93C-443F-404D-8C59-BBD0CE38882D}.Debug|x86.Build.0 = Debug|Any CPU
		{10E3F93C-443F-404D-8C59-BBD0CE38882D}.Release|Any CPU.ActiveCfg = Release|Any CPU
		{10E3F93C-443F-404D-8C59-BBD0CE38882D}.Release|Any CPU.Build.0 = Release|Any CPU
		{10E3F93C-443F-404D-8C59-BBD0CE38882D}.Release|x64.ActiveCfg = Release|Any CPU
		{10E3F93C-443F-404D-8C59-BBD0CE38882D}.Release|x64.Build.0 = Release|Any CPU
		{10E3F93C-443F-404D-8C59-BBD0CE38882D}.Release|x86.ActiveCfg = Release|Any CPU
		{10E3F93C-443F-404D-8C59-BBD0CE38882D}.Release|x86.Build.0 = Release|Any CPU
		{7DB161D9-0463-44D9-BAE8-5A390EFC00D9}.Debug|Any CPU.ActiveCfg = Debug|Any CPU
		{7DB161D9-0463-44D9-BAE8-5A390EFC00D9}.Debug|Any CPU.Build.0 = Debug|Any CPU
		{7DB161D9-0463-44D9-BAE8-5A390EFC00D9}.Debug|x64.ActiveCfg = Debug|Any CPU
		{7DB161D9-0463-44D9-BAE8-5A390EFC00D9}.Debug|x64.Build.0 = Debug|Any CPU
		{7DB161D9-0463-44D9-BAE8-5A390EFC00D9}.Debug|x86.ActiveCfg = Debug|Any CPU
		{7DB161D9-0463-44D9-BAE8-5A390EFC00D9}.Debug|x86.Build.0 = Debug|Any CPU
		{7DB161D9-0463-44D9-BAE8-5A390EFC00D9}.Release|Any CPU.ActiveCfg = Release|Any CPU
		{7DB161D9-0463-44D9-BAE8-5A390EFC00D9}.Release|Any CPU.Build.0 = Release|Any CPU
		{7DB161D9-0463-44D9-BAE8-5A390EFC00D9}.Release|x64.ActiveCfg = Release|Any CPU
		{7DB161D9-0463-44D9-BAE8-5A390EFC00D9}.Release|x64.Build.0 = Release|Any CPU
		{7DB161D9-0463-44D9-BAE8-5A390EFC00D9}.Release|x86.ActiveCfg = Release|Any CPU
		{7DB161D9-0463-44D9-BAE8-5A390EFC00D9}.Release|x86.Build.0 = Release|Any CPU
		{5F2D9102-6DB5-4A62-B726-2A218F24EF7B}.Debug|Any CPU.ActiveCfg = Debug|Any CPU
		{5F2D9102-6DB5-4A62-B726-2A218F24EF7B}.Debug|Any CPU.Build.0 = Debug|Any CPU
		{5F2D9102-6DB5-4A62-B726-2A218F24EF7B}.Debug|x64.ActiveCfg = Debug|Any CPU
		{5F2D9102-6DB5-4A62-B726-2A218F24EF7B}.Debug|x64.Build.0 = Debug|Any CPU
		{5F2D9102-6DB5-4A62-B726-2A218F24EF7B}.Debug|x86.ActiveCfg = Debug|Any CPU
		{5F2D9102-6DB5-4A62-B726-2A218F24EF7B}.Debug|x86.Build.0 = Debug|Any CPU
		{5F2D9102-6DB5-4A62-B726-2A218F24EF7B}.Release|Any CPU.ActiveCfg = Release|Any CPU
		{5F2D9102-6DB5-4A62-B726-2A218F24EF7B}.Release|Any CPU.Build.0 = Release|Any CPU
		{5F2D9102-6DB5-4A62-B726-2A218F24EF7B}.Release|x64.ActiveCfg = Release|Any CPU
		{5F2D9102-6DB5-4A62-B726-2A218F24EF7B}.Release|x64.Build.0 = Release|Any CPU
		{5F2D9102-6DB5-4A62-B726-2A218F24EF7B}.Release|x86.ActiveCfg = Release|Any CPU
		{5F2D9102-6DB5-4A62-B726-2A218F24EF7B}.Release|x86.Build.0 = Release|Any CPU
		{A176A7EC-AA5B-4229-B4B1-CA90605AB1C9}.Debug|Any CPU.ActiveCfg = Debug|Any CPU
		{A176A7EC-AA5B-4229-B4B1-CA90605AB1C9}.Debug|Any CPU.Build.0 = Debug|Any CPU
		{A176A7EC-AA5B-4229-B4B1-CA90605AB1C9}.Debug|x64.ActiveCfg = Debug|Any CPU
		{A176A7EC-AA5B-4229-B4B1-CA90605AB1C9}.Debug|x64.Build.0 = Debug|Any CPU
		{A176A7EC-AA5B-4229-B4B1-CA90605AB1C9}.Debug|x86.ActiveCfg = Debug|Any CPU
		{A176A7EC-AA5B-4229-B4B1-CA90605AB1C9}.Debug|x86.Build.0 = Debug|Any CPU
		{A176A7EC-AA5B-4229-B4B1-CA90605AB1C9}.Release|Any CPU.ActiveCfg = Release|Any CPU
		{A176A7EC-AA5B-4229-B4B1-CA90605AB1C9}.Release|Any CPU.Build.0 = Release|Any CPU
		{A176A7EC-AA5B-4229-B4B1-CA90605AB1C9}.Release|x64.ActiveCfg = Release|Any CPU
		{A176A7EC-AA5B-4229-B4B1-CA90605AB1C9}.Release|x64.Build.0 = Release|Any CPU
		{A176A7EC-AA5B-4229-B4B1-CA90605AB1C9}.Release|x86.ActiveCfg = Release|Any CPU
		{A176A7EC-AA5B-4229-B4B1-CA90605AB1C9}.Release|x86.Build.0 = Release|Any CPU
	EndGlobalSection
	GlobalSection(SolutionProperties) = preSolution
		HideSolutionNode = FALSE
	EndGlobalSection
	GlobalSection(NestedProjects) = preSolution
		{8D626EA8-CB54-BC41-363A-217881BEBA6E} = {827E0CD3-B72D-47B6-A68D-7590B98EB39B}
		{45275E2B-B960-4F8D-860F-CC1855544FEC} = {8D626EA8-CB54-BC41-363A-217881BEBA6E}
		{710639F3-05A3-4E52-B922-C32DD877F3C8} = {8D626EA8-CB54-BC41-363A-217881BEBA6E}
		{487DC958-3318-48E1-9566-D600BC4C85D9} = {8D626EA8-CB54-BC41-363A-217881BEBA6E}
		{9048EB7F-3875-A59E-E36B-5BD4C6F2A282} = {827E0CD3-B72D-47B6-A68D-7590B98EB39B}
		{10E3F93C-443F-404D-8C59-BBD0CE38882D} = {9048EB7F-3875-A59E-E36B-5BD4C6F2A282}
		{7DB161D9-0463-44D9-BAE8-5A390EFC00D9} = {9048EB7F-3875-A59E-E36B-5BD4C6F2A282}
		{81034408-37C8-1011-444E-4C15C2FADA8E} = {827E0CD3-B72D-47B6-A68D-7590B98EB39B}
		{5F2D9102-6DB5-4A62-B726-2A218F24EF7B} = {81034408-37C8-1011-444E-4C15C2FADA8E}
		{51B637F8-9C04-5803-F48E-8CB9352021B0} = {827E0CD3-B72D-47B6-A68D-7590B98EB39B}
		{F2049D75-1F31-22C8-F997-8F15D28C03D4} = {51B637F8-9C04-5803-F48E-8CB9352021B0}
		{A176A7EC-AA5B-4229-B4B1-CA90605AB1C9} = {F2049D75-1F31-22C8-F997-8F15D28C03D4}
	EndGlobalSection
EndGlobal
